PODS:
  - Capacitor (7.4.4):
    - CapacitorCordova
  - CapacitorCordova (7.4.4)
  - CapacitorPushNotifications (7.0.4):
    - Capacitor

DEPENDENCIES:
  - "Capacitor (from `../../node_modules/.pnpm/@capacitor+ios@7.4.4_@capacitor+core@8.0.0/node_modules/@capacitor/ios`)"
  - "CapacitorCordova (from `../../node_modules/.pnpm/@capacitor+ios@7.4.4_@capacitor+core@8.0.0/node_modules/@capacitor/ios`)"
  - "CapacitorPushNotifications (from `../../node_modules/.pnpm/@capacitor+push-notifications@7.0.4_@capacitor+core@8.0.0/node_modules/@capacitor/push-notifications`)"

EXTERNAL SOURCES:
  Capacitor:
    :path: "../../node_modules/.pnpm/@capacitor+ios@7.4.4_@capacitor+core@8.0.0/node_modules/@capacitor/ios"
  CapacitorCordova:
    :path: "../../node_modules/.pnpm/@capacitor+ios@7.4.4_@capacitor+core@8.0.0/node_modules/@capacitor/ios"
  CapacitorPushNotifications:
    :path: "../../node_modules/.pnpm/@capacitor+push-notifications@7.0.4_@capacitor+core@8.0.0/node_modules/@capacitor/push-notifications"

SPEC CHECKSUMS:
  Capacitor: 358dd1c3fdd71d969547b17e159fd8a7736cb45f
  CapacitorCordova: bf648a636f3c153f652d312ae145fb508b6ffced
  CapacitorPushNotifications: 7604512af53bbfdf1dd8fb2256b9ef1e8a69cdc2

PODFILE CHECKSUM: 1bfe66a24ba8407090d6e0664fdcaf629c8cf078

COCOAPODS: 1.16.2
